# Lockfile v4
# This file is automatically generated by Wapm.
# It is not intended for manual editing. The schema of this file may change.
[modules."willGuimont/dashy-dango"."1.0.0".dashy-dango]
name = "dashy-dango"
package_version = "1.0.0"
package_name = "willGuimont/dashy-dango"
package_path = "willGuimont/dashy-dango@1.0.0"
resolved = "local"
resolved_source = "local"
abi = "wasm4"
source = "build/cart.wasm"
[commands.play]
name = "play"
package_name = "willGuimont/dashy-dango"
package_version = "1.0.0"
module = "dashy-dango"
is_top_level_dependency = true
